
Microsoft Visual Studio Solution File, Format Version 12.00
# Visual Studio Version 16
VisualStudioVersion = 16.0.29613.14
MinimumVisualStudioVersion = 10.0.40219.1
Project("{888888A0-9F3D-457C-B088-3A5042F75D52}") = "Dogs2", "Dogs2\Dogs2.pyproj", "{13E56C1F-5AEC-4BDE-8D4C-00A4F9FFAD9F}"
EndProject
Global
	GlobalSection(SolutionConfigurationPlatforms) = preSolution
		Debug|Any CPU = Debug|Any CPU
		Release|Any CPU = Release|Any CPU
	EndGlobalSection
	GlobalSection(ProjectConfigurationPlatforms) = postSolution
		{13E56C1F-5AEC-4BDE-8D4C-00A4F9FFAD9F}.Debug|Any CPU.ActiveCfg = Debug|Any CPU
		{13E56C1F-5AEC-4BDE-8D4C-00A4F9FFAD9F}.Debug|Any CPU.Build.0 = Debug|Any CPU
		{13E56C1F-5AEC-4BDE-8D4C-00A4F9FFAD9F}.Release|Any CPU.ActiveCfg = Release|Any CPU
		{13E56C1F-5AEC-4BDE-8D4C-00A4F9FFAD9F}.Release|Any CPU.Build.0 = Release|Any CPU
	EndGlobalSection
	GlobalSection(SolutionProperties) = preSolution
		HideSolutionNode = FALSE
	EndGlobalSection
	GlobalSection(ExtensibilityGlobals) = postSolution
		SolutionGuid = {670F1CAD-86F1-4490-A815-98F0244D58CC}
	EndGlobalSection
EndGlobal
